<?xml version="1.0" encoding="utf-8"?>
<Project ToolsVersion="4.0" xmlns="http://schemas.microsoft.com/developer/msbuild/2003">
  <ItemGroup>
    <ClCompile Include="distribution.cpp" />
    <ClCompile Include="modelParameters.cpp" />
    <ClCompile Include="processes.cpp" />
    <ClCompile Include="State.cpp" />
    <ClCompile Include="targetFields.cpp" />
    <ClCompile Include="jetSN.cpp" />
    <ClCompile Include="checkPower.cpp" />
    <ClCompile Include="messages.cpp">
      <Filter>extras</Filter>
    </ClCompile>
    <ClCompile Include="write.cpp">
      <Filter>extras</Filter>
    </ClCompile>
    <ClCompile Include="losses.cpp">
      <Filter>losses</Filter>
    </ClCompile>
    <ClCompile Include="radiativeLosses.cpp">
      <Filter>losses</Filter>
    </ClCompile>
    <ClCompile Include="read.cpp">
      <Filter>excluded</Filter>
    </ClCompile>
    <ClCompile Include="oneZone.cpp">
      <Filter>excluded</Filter>
    </ClCompile>
    <ClCompile Include="SSC.cpp">
      <Filter>excluded</Filter>
    </ClCompile>
    <ClCompile Include="timeDistribution.cpp">
      <Filter>excluded</Filter>
    </ClCompile>
    <ClCompile Include="injection.cpp">
      <Filter>injection</Filter>
    </ClCompile>
    <ClCompile Include="nonThermalLuminosity.cpp">
      <Filter>injection</Filter>
    </ClCompile>
    <ClCompile Include="dynamics.cpp" />
    <ClCompile Include="oneZoneDistribution.cpp" />
  </ItemGroup>
  <ItemGroup>
    <ClInclude Include="distribution.h" />
    <ClInclude Include="modelParameters.h" />
    <ClInclude Include="processes.h" />
    <ClInclude Include="State.h" />
    <ClInclude Include="checkPower.h" />
    <ClInclude Include="messages.h">
      <Filter>extras</Filter>
    </ClInclude>
    <ClInclude Include="write.h">
      <Filter>extras</Filter>
    </ClInclude>
    <ClInclude Include="targetFields.h" />
    <ClInclude Include="losses.h">
      <Filter>losses</Filter>
    </ClInclude>
    <ClInclude Include="radiativeLosses.h">
      <Filter>losses</Filter>
    </ClInclude>
    <ClInclude Include="read.h">
      <Filter>excluded</Filter>
    </ClInclude>
    <ClInclude Include="oneZone.h">
      <Filter>excluded</Filter>
    </ClInclude>
    <ClInclude Include="SSC.h">
      <Filter>excluded</Filter>
    </ClInclude>
    <ClInclude Include="timeDistribution.h">
      <Filter>excluded</Filter>
    </ClInclude>
    <ClInclude Include="jetSN.h" />
    <ClInclude Include="injection.h">
      <Filter>injection</Filter>
    </ClInclude>
    <ClInclude Include="nonThermalLuminosity.h">
      <Filter>injection</Filter>
    </ClInclude>
    <ClInclude Include="dynamics.h" />
    <ClInclude Include="oneZoneDistribution.h" />
  </ItemGroup>
  <ItemGroup>
    <Filter Include="extras">
      <UniqueIdentifier>{85fe8eed-3c9f-4e01-a504-2e9d368bb6ad}</UniqueIdentifier>
    </Filter>
    <Filter Include="losses">
      <UniqueIdentifier>{01aa7b44-c2f2-44ea-9d8e-a80ae658deed}</UniqueIdentifier>
    </Filter>
    <Filter Include="excluded">
      <UniqueIdentifier>{af18a33c-04e7-4232-859a-fded3d8b1e90}</UniqueIdentifier>
    </Filter>
    <Filter Include="injection">
      <UniqueIdentifier>{f2f817fe-79b9-4b65-96df-3422bc42676d}</UniqueIdentifier>
    </Filter>
  </ItemGroup>
</Project>