<?xml version="1.0" encoding="utf-8"?>
<Project ToolsVersion="4.0" xmlns="http://schemas.microsoft.com/developer/msbuild/2003">
  <ItemGroup>
    <ClCompile Include="blazar.cpp" />
    <ClCompile Include="ioutil.cpp" />
    <ClCompile Include="State.cpp" />
    <ClCompile Include="modelParameters.cpp" />
    <ClCompile Include="injection.cpp" />
    <ClCompile Include="distribution.cpp" />
    <ClCompile Include="photonInjection.cpp" />
    <ClCompile Include="write.cpp" />
  </ItemGroup>
  <ItemGroup>
    <ClInclude Include="blazar.h" />
    <ClInclude Include="ioutil.h" />
    <ClInclude Include="State.h" />
    <ClInclude Include="modelParameters.h" />
    <ClInclude Include="injection.h" />
    <ClInclude Include="distribution.h" />
    <ClInclude Include="photonInjection.h" />
    <ClInclude Include="write.h" />
  </ItemGroup>
</Project>